
Microsoft Visual Studio Solution File, Format Version 12.00
# Visual Studio 15
VisualStudioVersion = 15.0.26730.16
MinimumVisualStudioVersion = 10.0.40219.1
Project("{FAE04EC0-301F-11D3-BF4B-00C04F79EFBC}") = "mySQLTester", "mySQLTester\mySQLTester.csproj", "{C155B90C-DED5-488A-AA2E-3A3257C31FAF}"
EndProject
Global
	GlobalSection(SolutionConfigurationPlatforms) = preSolution
		Debug|Any CPU = Debug|Any CPU
		Release|Any CPU = Release|Any CPU
	EndGlobalSection
	GlobalSection(ProjectConfigurationPlatforms) = postSolution
		{C155B90C-DED5-488A-AA2E-3A3257C31FAF}.Debug|Any CPU.ActiveCfg = Debug|Any CPU
		{C155B90C-DED5-488A-AA2E-3A3257C31FAF}.Debug|Any CPU.Build.0 = Debug|Any CPU
		{C155B90C-DED5-488A-AA2E-3A3257C31FAF}.Release|Any CPU.ActiveCfg = Release|Any CPU
		{C155B90C-DED5-488A-AA2E-3A3257C31FAF}.Release|Any CPU.Build.0 = Release|Any CPU
	EndGlobalSection
	GlobalSection(SolutionProperties) = preSolution
		HideSolutionNode = FALSE
	EndGlobalSection
	GlobalSection(ExtensibilityGlobals) = postSolution
		SolutionGuid = {B11E27A4-CAA3-4089-951B-F02F8CF64181}
	EndGlobalSection
EndGlobal
